// !$*UTF8*$!
{
	archiveVersion = 1;
	classes = {
	};
	objectVersion = 56;
	objects = {

/* Begin PBXBuildFile section */
		298BF42F2BB9A8EE00AAE805 /* AppDelegate.swift in Sources */ = {isa = PBXBuildFile; fileRef = 298BF42E2BB9A8EE00AAE805 /* AppDelegate.swift */; };
		298BF4312BB9A8EE00AAE805 /* SceneDelegate.swift in Sources */ = {isa = PBXBuildFile; fileRef = 298BF4302BB9A8EE00AAE805 /* SceneDelegate.swift */; };
		298BF4332BB9A8EE00AAE805 /* ViewController.swift in Sources */ = {isa = PBXBuildFile; fileRef = 298BF4322BB9A8EE00AAE805 /* ViewController.swift */; };
		298BF4362BB9A8EE00AAE805 /* Main.storyboard in Resources */ = {isa = PBXBuildFile; fileRef = 298BF4342BB9A8EE00AAE805 /* Main.storyboard */; };
		298BF4382BB9A8EF00AAE805 /* Assets.xcassets in Resources */ = {isa = PBXBuildFile; fileRef = 298BF4372BB9A8EF00AAE805 /* Assets.xcassets */; };
		298BF43B2BB9A8EF00AAE805 /* LaunchScreen.storyboard in Resources */ = {isa = PBXBuildFile; fileRef = 298BF4392BB9A8EF00AAE805 /* LaunchScreen.storyboard */; };
		298BF4462BB9A8EF00AAE805 /* FeedLoaderWithFallBackCompositeTests.swift in Sources */ = {isa = PBXBuildFile; fileRef = 298BF4452BB9A8EF00AAE805 /* FeedLoaderWithFallBackCompositeTests.swift */; };
		298BF4502BB9A8EF00AAE805 /* SecondEssentialAppUITests.swift in Sources */ = {isa = PBXBuildFile; fileRef = 298BF44F2BB9A8EF00AAE805 /* SecondEssentialAppUITests.swift */; };
		298BF4522BB9A8EF00AAE805 /* SecondEssentialAppUITestsLaunchTests.swift in Sources */ = {isa = PBXBuildFile; fileRef = 298BF4512BB9A8EF00AAE805 /* SecondEssentialAppUITestsLaunchTests.swift */; };
		298BF4612BB9ADDD00AAE805 /* SecondtryEssential.framework in Frameworks */ = {isa = PBXBuildFile; fileRef = 298BF45F2BB9ADDD00AAE805 /* SecondtryEssential.framework */; };
		298BF4622BB9ADDD00AAE805 /* SecondtryEssential.framework in Embed Frameworks */ = {isa = PBXBuildFile; fileRef = 298BF45F2BB9ADDD00AAE805 /* SecondtryEssential.framework */; settings = {ATTRIBUTES = (CodeSignOnCopy, RemoveHeadersOnCopy, ); }; };
		298BF4632BB9ADDD00AAE805 /* SecondtryEssentialiOS.framework in Frameworks */ = {isa = PBXBuildFile; fileRef = 298BF4602BB9ADDD00AAE805 /* SecondtryEssentialiOS.framework */; };
		298BF4642BB9ADDD00AAE805 /* SecondtryEssentialiOS.framework in Embed Frameworks */ = {isa = PBXBuildFile; fileRef = 298BF4602BB9ADDD00AAE805 /* SecondtryEssentialiOS.framework */; settings = {ATTRIBUTES = (CodeSignOnCopy, RemoveHeadersOnCopy, ); }; };
		298BF4892BBB257200AAE805 /* FeedLoaderWithFallbackComposite.swift in Sources */ = {isa = PBXBuildFile; fileRef = 298BF4882BBB257200AAE805 /* FeedLoaderWithFallbackComposite.swift */; };
		298BF48B2BBB260C00AAE805 /* FeedImageDataLoaderWithFallbackCompositeTests.swift in Sources */ = {isa = PBXBuildFile; fileRef = 298BF48A2BBB260C00AAE805 /* FeedImageDataLoaderWithFallbackCompositeTests.swift */; };
		298BF48E2BBB27FE00AAE805 /* MemoryLeakTracker.swift in Sources */ = {isa = PBXBuildFile; fileRef = 298BF48D2BBB27FE00AAE805 /* MemoryLeakTracker.swift */; };
		298BF4902BBB366E00AAE805 /* FeedImageDataLoaderWithFallbackComposite.swift in Sources */ = {isa = PBXBuildFile; fileRef = 298BF48F2BBB366E00AAE805 /* FeedImageDataLoaderWithFallbackComposite.swift */; };
		298BF4922BBB579E00AAE805 /* FeedLoaderCacheDecoratorTests.swift in Sources */ = {isa = PBXBuildFile; fileRef = 298BF4912BBB579E00AAE805 /* FeedLoaderCacheDecoratorTests.swift */; };
		298BF4942BBB57E000AAE805 /* Helpers.swift in Sources */ = {isa = PBXBuildFile; fileRef = 298BF4932BBB57E000AAE805 /* Helpers.swift */; };
		298BF4962BBB58AA00AAE805 /* XCTest+Helpers.swift in Sources */ = {isa = PBXBuildFile; fileRef = 298BF4952BBB58AA00AAE805 /* XCTest+Helpers.swift */; };
/* End PBXBuildFile section */

/* Begin PBXContainerItemProxy section */
		298BF4422BB9A8EF00AAE805 /* PBXContainerItemProxy */ = {
			isa = PBXContainerItemProxy;
			containerPortal = 298BF4232BB9A8EE00AAE805 /* Project object */;
			proxyType = 1;
			remoteGlobalIDString = 298BF42A2BB9A8EE00AAE805;
			remoteInfo = SecondEssentialApp;
		};
		298BF44C2BB9A8EF00AAE805 /* PBXContainerItemProxy */ = {
			isa = PBXContainerItemProxy;
			containerPortal = 298BF4232BB9A8EE00AAE805 /* Project object */;
			proxyType = 1;
			remoteGlobalIDString = 298BF42A2BB9A8EE00AAE805;
			remoteInfo = SecondEssentialApp;
		};
/* End PBXContainerItemProxy section */

/* Begin PBXCopyFilesBuildPhase section */
		298BF4652BB9ADDD00AAE805 /* Embed Frameworks */ = {
			isa = PBXCopyFilesBuildPhase;
			buildActionMask = 2147483647;
			dstPath = "";
			dstSubfolderSpec = 10;
			files = (
				298BF4622BB9ADDD00AAE805 /* SecondtryEssential.framework in Embed Frameworks */,
				298BF4642BB9ADDD00AAE805 /* SecondtryEssentialiOS.framework in Embed Frameworks */,
			);
			name = "Embed Frameworks";
			runOnlyForDeploymentPostprocessing = 0;
		};
/* End PBXCopyFilesBuildPhase section */

/* Begin PBXFileReference section */
		298BF42B2BB9A8EE00AAE805 /* SecondEssentialApp.app */ = {isa = PBXFileReference; explicitFileType = wrapper.application; includeInIndex = 0; path = SecondEssentialApp.app; sourceTree = BUILT_PRODUCTS_DIR; };
		298BF42E2BB9A8EE00AAE805 /* AppDelegate.swift */ = {isa = PBXFileReference; lastKnownFileType = sourcecode.swift; path = AppDelegate.swift; sourceTree = "<group>"; };
		298BF4302BB9A8EE00AAE805 /* SceneDelegate.swift */ = {isa = PBXFileReference; lastKnownFileType = sourcecode.swift; path = SceneDelegate.swift; sourceTree = "<group>"; };
		298BF4322BB9A8EE00AAE805 /* ViewController.swift */ = {isa = PBXFileReference; lastKnownFileType = sourcecode.swift; path = ViewController.swift; sourceTree = "<group>"; };
		298BF4352BB9A8EE00AAE805 /* Base */ = {isa = PBXFileReference; lastKnownFileType = file.storyboard; name = Base; path = Base.lproj/Main.storyboard; sourceTree = "<group>"; };
		298BF4372BB9A8EF00AAE805 /* Assets.xcassets */ = {isa = PBXFileReference; lastKnownFileType = folder.assetcatalog; path = Assets.xcassets; sourceTree = "<group>"; };
		298BF43A2BB9A8EF00AAE805 /* Base */ = {isa = PBXFileReference; lastKnownFileType = file.storyboard; name = Base; path = Base.lproj/LaunchScreen.storyboard; sourceTree = "<group>"; };
		298BF43C2BB9A8EF00AAE805 /* Info.plist */ = {isa = PBXFileReference; lastKnownFileType = text.plist.xml; path = Info.plist; sourceTree = "<group>"; };
		298BF4412BB9A8EF00AAE805 /* SecondEssentialAppTests.xctest */ = {isa = PBXFileReference; explicitFileType = wrapper.cfbundle; includeInIndex = 0; path = SecondEssentialAppTests.xctest; sourceTree = BUILT_PRODUCTS_DIR; };
		298BF4452BB9A8EF00AAE805 /* FeedLoaderWithFallBackCompositeTests.swift */ = {isa = PBXFileReference; lastKnownFileType = sourcecode.swift; path = FeedLoaderWithFallBackCompositeTests.swift; sourceTree = "<group>"; };
		298BF44B2BB9A8EF00AAE805 /* SecondEssentialAppUITests.xctest */ = {isa = PBXFileReference; explicitFileType = wrapper.cfbundle; includeInIndex = 0; path = SecondEssentialAppUITests.xctest; sourceTree = BUILT_PRODUCTS_DIR; };
		298BF44F2BB9A8EF00AAE805 /* SecondEssentialAppUITests.swift */ = {isa = PBXFileReference; lastKnownFileType = sourcecode.swift; path = SecondEssentialAppUITests.swift; sourceTree = "<group>"; };
		298BF4512BB9A8EF00AAE805 /* SecondEssentialAppUITestsLaunchTests.swift */ = {isa = PBXFileReference; lastKnownFileType = sourcecode.swift; path = SecondEssentialAppUITestsLaunchTests.swift; sourceTree = "<group>"; };
		298BF45F2BB9ADDD00AAE805 /* SecondtryEssential.framework */ = {isa = PBXFileReference; explicitFileType = wrapper.framework; path = SecondtryEssential.framework; sourceTree = BUILT_PRODUCTS_DIR; };
		298BF4602BB9ADDD00AAE805 /* SecondtryEssentialiOS.framework */ = {isa = PBXFileReference; explicitFileType = wrapper.framework; path = SecondtryEssentialiOS.framework; sourceTree = BUILT_PRODUCTS_DIR; };
		298BF4872BBB1B8900AAE805 /* SecondEssentialApp.xctestplan */ = {isa = PBXFileReference; lastKnownFileType = text; name = SecondEssentialApp.xctestplan; path = /Users/amir/Documents/Lead/SecondtryEssential/SecondEssentialApp/SecondEssentialAppTests/SecondEssentialApp.xctestplan; sourceTree = "<absolute>"; };
		298BF4882BBB257200AAE805 /* FeedLoaderWithFallbackComposite.swift */ = {isa = PBXFileReference; lastKnownFileType = sourcecode.swift; path = FeedLoaderWithFallbackComposite.swift; sourceTree = "<group>"; };
		298BF48A2BBB260C00AAE805 /* FeedImageDataLoaderWithFallbackCompositeTests.swift */ = {isa = PBXFileReference; lastKnownFileType = sourcecode.swift; path = FeedImageDataLoaderWithFallbackCompositeTests.swift; sourceTree = "<group>"; };
		298BF48D2BBB27FE00AAE805 /* MemoryLeakTracker.swift */ = {isa = PBXFileReference; lastKnownFileType = sourcecode.swift; path = MemoryLeakTracker.swift; sourceTree = "<group>"; };
		298BF48F2BBB366E00AAE805 /* FeedImageDataLoaderWithFallbackComposite.swift */ = {isa = PBXFileReference; lastKnownFileType = sourcecode.swift; path = FeedImageDataLoaderWithFallbackComposite.swift; sourceTree = "<group>"; };
		298BF4912BBB579E00AAE805 /* FeedLoaderCacheDecoratorTests.swift */ = {isa = PBXFileReference; lastKnownFileType = sourcecode.swift; path = FeedLoaderCacheDecoratorTests.swift; sourceTree = "<group>"; };
		298BF4932BBB57E000AAE805 /* Helpers.swift */ = {isa = PBXFileReference; lastKnownFileType = sourcecode.swift; path = Helpers.swift; sourceTree = "<group>"; };
		298BF4952BBB58AA00AAE805 /* XCTest+Helpers.swift */ = {isa = PBXFileReference; lastKnownFileType = sourcecode.swift; path = "XCTest+Helpers.swift"; sourceTree = "<group>"; };
/* End PBXFileReference section */

/* Begin PBXFrameworksBuildPhase section */
		298BF4282BB9A8EE00AAE805 /* Frameworks */ = {
			isa = PBXFrameworksBuildPhase;
			buildActionMask = 2147483647;
			files = (
				298BF4612BB9ADDD00AAE805 /* SecondtryEssential.framework in Frameworks */,
				298BF4632BB9ADDD00AAE805 /* SecondtryEssentialiOS.framework in Frameworks */,
			);
			runOnlyForDeploymentPostprocessing = 0;
		};
		298BF43E2BB9A8EF00AAE805 /* Frameworks */ = {
			isa = PBXFrameworksBuildPhase;
			buildActionMask = 2147483647;
			files = (
			);
			runOnlyForDeploymentPostprocessing = 0;
		};
		298BF4482BB9A8EF00AAE805 /* Frameworks */ = {
			isa = PBXFrameworksBuildPhase;
			buildActionMask = 2147483647;
			files = (
			);
			runOnlyForDeploymentPostprocessing = 0;
		};
/* End PBXFrameworksBuildPhase section */

/* Begin PBXGroup section */
		298BF4222BB9A8EE00AAE805 = {
			isa = PBXGroup;
			children = (
				298BF42D2BB9A8EE00AAE805 /* SecondEssentialApp */,
				298BF4442BB9A8EF00AAE805 /* SecondEssentialAppTests */,
				298BF44E2BB9A8EF00AAE805 /* SecondEssentialAppUITests */,
				298BF42C2BB9A8EE00AAE805 /* Products */,
				298BF45E2BB9ADDD00AAE805 /* Frameworks */,
			);
			sourceTree = "<group>";
		};
		298BF42C2BB9A8EE00AAE805 /* Products */ = {
			isa = PBXGroup;
			children = (
				298BF42B2BB9A8EE00AAE805 /* SecondEssentialApp.app */,
				298BF4412BB9A8EF00AAE805 /* SecondEssentialAppTests.xctest */,
				298BF44B2BB9A8EF00AAE805 /* SecondEssentialAppUITests.xctest */,
			);
			name = Products;
			sourceTree = "<group>";
		};
		298BF42D2BB9A8EE00AAE805 /* SecondEssentialApp */ = {
			isa = PBXGroup;
			children = (
				298BF42E2BB9A8EE00AAE805 /* AppDelegate.swift */,
				298BF4302BB9A8EE00AAE805 /* SceneDelegate.swift */,
				298BF4322BB9A8EE00AAE805 /* ViewController.swift */,
				298BF4882BBB257200AAE805 /* FeedLoaderWithFallbackComposite.swift */,
				298BF48F2BBB366E00AAE805 /* FeedImageDataLoaderWithFallbackComposite.swift */,
				298BF4342BB9A8EE00AAE805 /* Main.storyboard */,
				298BF4372BB9A8EF00AAE805 /* Assets.xcassets */,
				298BF4392BB9A8EF00AAE805 /* LaunchScreen.storyboard */,
				298BF43C2BB9A8EF00AAE805 /* Info.plist */,
			);
			path = SecondEssentialApp;
			sourceTree = "<group>";
		};
		298BF4442BB9A8EF00AAE805 /* SecondEssentialAppTests */ = {
			isa = PBXGroup;
			children = (
				298BF48C2BBB27DE00AAE805 /* Shared */,
				298BF4872BBB1B8900AAE805 /* SecondEssentialApp.xctestplan */,
				298BF4452BB9A8EF00AAE805 /* FeedLoaderWithFallBackCompositeTests.swift */,
				298BF48A2BBB260C00AAE805 /* FeedImageDataLoaderWithFallbackCompositeTests.swift */,
				298BF4912BBB579E00AAE805 /* FeedLoaderCacheDecoratorTests.swift */,
			);
			path = SecondEssentialAppTests;
			sourceTree = "<group>";
		};
		298BF44E2BB9A8EF00AAE805 /* SecondEssentialAppUITests */ = {
			isa = PBXGroup;
			children = (
				298BF44F2BB9A8EF00AAE805 /* SecondEssentialAppUITests.swift */,
				298BF4512BB9A8EF00AAE805 /* SecondEssentialAppUITestsLaunchTests.swift */,
			);
			path = SecondEssentialAppUITests;
			sourceTree = "<group>";
		};
		298BF45E2BB9ADDD00AAE805 /* Frameworks */ = {
			isa = PBXGroup;
			children = (
				298BF45F2BB9ADDD00AAE805 /* SecondtryEssential.framework */,
				298BF4602BB9ADDD00AAE805 /* SecondtryEssentialiOS.framework */,
			);
			name = Frameworks;
			sourceTree = "<group>";
		};
		298BF48C2BBB27DE00AAE805 /* Shared */ = {
			isa = PBXGroup;
			children = (
				298BF48D2BBB27FE00AAE805 /* MemoryLeakTracker.swift */,
				298BF4932BBB57E000AAE805 /* Helpers.swift */,
				298BF4952BBB58AA00AAE805 /* XCTest+Helpers.swift */,
			);
			path = Shared;
			sourceTree = "<group>";
		};
/* End PBXGroup section */

/* Begin PBXNativeTarget section */
		298BF42A2BB9A8EE00AAE805 /* SecondEssentialApp */ = {
			isa = PBXNativeTarget;
			buildConfigurationList = 298BF4552BB9A8EF00AAE805 /* Build configuration list for PBXNativeTarget "SecondEssentialApp" */;
			buildPhases = (
				298BF4272BB9A8EE00AAE805 /* Sources */,
				298BF4282BB9A8EE00AAE805 /* Frameworks */,
				298BF4292BB9A8EE00AAE805 /* Resources */,
				298BF4652BB9ADDD00AAE805 /* Embed Frameworks */,
			);
			buildRules = (
			);
			dependencies = (
			);
			name = SecondEssentialApp;
			productName = SecondEssentialApp;
			productReference = 298BF42B2BB9A8EE00AAE805 /* SecondEssentialApp.app */;
			productType = "com.apple.product-type.application";
		};
		298BF4402BB9A8EF00AAE805 /* SecondEssentialAppTests */ = {
			isa = PBXNativeTarget;
			buildConfigurationList = 298BF4582BB9A8EF00AAE805 /* Build configuration list for PBXNativeTarget "SecondEssentialAppTests" */;
			buildPhases = (
				298BF43D2BB9A8EF00AAE805 /* Sources */,
				298BF43E2BB9A8EF00AAE805 /* Frameworks */,
				298BF43F2BB9A8EF00AAE805 /* Resources */,
			);
			buildRules = (
			);
			dependencies = (
				298BF4432BB9A8EF00AAE805 /* PBXTargetDependency */,
			);
			name = SecondEssentialAppTests;
			productName = SecondEssentialAppTests;
			productReference = 298BF4412BB9A8EF00AAE805 /* SecondEssentialAppTests.xctest */;
			productType = "com.apple.product-type.bundle.unit-test";
		};
		298BF44A2BB9A8EF00AAE805 /* SecondEssentialAppUITests */ = {
			isa = PBXNativeTarget;
			buildConfigurationList = 298BF45B2BB9A8EF00AAE805 /* Build configuration list for PBXNativeTarget "SecondEssentialAppUITests" */;
			buildPhases = (
				298BF4472BB9A8EF00AAE805 /* Sources */,
				298BF4482BB9A8EF00AAE805 /* Frameworks */,
				298BF4492BB9A8EF00AAE805 /* Resources */,
			);
			buildRules = (
			);
			dependencies = (
				298BF44D2BB9A8EF00AAE805 /* PBXTargetDependency */,
			);
			name = SecondEssentialAppUITests;
			productName = SecondEssentialAppUITests;
			productReference = 298BF44B2BB9A8EF00AAE805 /* SecondEssentialAppUITests.xctest */;
			productType = "com.apple.product-type.bundle.ui-testing";
		};
/* End PBXNativeTarget section */

/* Begin PBXProject section */
		298BF4232BB9A8EE00AAE805 /* Project object */ = {
			isa = PBXProject;
			attributes = {
				BuildIndependentTargetsInParallel = 1;
				LastSwiftUpdateCheck = 1500;
				LastUpgradeCheck = 1500;
				TargetAttributes = {
					298BF42A2BB9A8EE00AAE805 = {
						CreatedOnToolsVersion = 15.0.1;
					};
					298BF4402BB9A8EF00AAE805 = {
						CreatedOnToolsVersion = 15.0.1;
						TestTargetID = 298BF42A2BB9A8EE00AAE805;
					};
					298BF44A2BB9A8EF00AAE805 = {
						CreatedOnToolsVersion = 15.0.1;
						TestTargetID = 298BF42A2BB9A8EE00AAE805;
					};
				};
			};
			buildConfigurationList = 298BF4262BB9A8EE00AAE805 /* Build configuration list for PBXProject "SecondEssentialApp" */;
			compatibilityVersion = "Xcode 14.0";
			developmentRegion = en;
			hasScannedForEncodings = 0;
			knownRegions = (
				en,
				Base,
			);
			mainGroup = 298BF4222BB9A8EE00AAE805;
			productRefGroup = 298BF42C2BB9A8EE00AAE805 /* Products */;
			projectDirPath = "";
			projectRoot = "";
			targets = (
				298BF42A2BB9A8EE00AAE805 /* SecondEssentialApp */,
				298BF4402BB9A8EF00AAE805 /* SecondEssentialAppTests */,
				298BF44A2BB9A8EF00AAE805 /* SecondEssentialAppUITests */,
			);
		};
/* End PBXProject section */

/* Begin PBXResourcesBuildPhase section */
		298BF4292BB9A8EE00AAE805 /* Resources */ = {
			isa = PBXResourcesBuildPhase;
			buildActionMask = 2147483647;
			files = (
				298BF43B2BB9A8EF00AAE805 /* LaunchScreen.storyboard in Resources */,
				298BF4382BB9A8EF00AAE805 /* Assets.xcassets in Resources */,
				298BF4362BB9A8EE00AAE805 /* Main.storyboard in Resources */,
			);
			runOnlyForDeploymentPostprocessing = 0;
		};
		298BF43F2BB9A8EF00AAE805 /* Resources */ = {
			isa = PBXResourcesBuildPhase;
			buildActionMask = 2147483647;
			files = (
			);
			runOnlyForDeploymentPostprocessing = 0;
		};
		298BF4492BB9A8EF00AAE805 /* Resources */ = {
			isa = PBXResourcesBuildPhase;
			buildActionMask = 2147483647;
			files = (
			);
			runOnlyForDeploymentPostprocessing = 0;
		};
/* End PBXResourcesBuildPhase section */

/* Begin PBXSourcesBuildPhase section */
		298BF4272BB9A8EE00AAE805 /* Sources */ = {
			isa = PBXSourcesBuildPhase;
			buildActionMask = 2147483647;
			files = (
				298BF4332BB9A8EE00AAE805 /* ViewController.swift in Sources */,
				298BF42F2BB9A8EE00AAE805 /* AppDelegate.swift in Sources */,
				298BF4892BBB257200AAE805 /* FeedLoaderWithFallbackComposite.swift in Sources */,
				298BF4312BB9A8EE00AAE805 /* SceneDelegate.swift in Sources */,
				298BF4902BBB366E00AAE805 /* FeedImageDataLoaderWithFallbackComposite.swift in Sources */,
			);
			runOnlyForDeploymentPostprocessing = 0;
		};
		298BF43D2BB9A8EF00AAE805 /* Sources */ = {
			isa = PBXSourcesBuildPhase;
			buildActionMask = 2147483647;
			files = (
				298BF48E2BBB27FE00AAE805 /* MemoryLeakTracker.swift in Sources */,
				298BF48B2BBB260C00AAE805 /* FeedImageDataLoaderWithFallbackCompositeTests.swift in Sources */,
				298BF4962BBB58AA00AAE805 /* XCTest+Helpers.swift in Sources */,
				298BF4462BB9A8EF00AAE805 /* FeedLoaderWithFallBackCompositeTests.swift in Sources */,
				298BF4942BBB57E000AAE805 /* Helpers.swift in Sources */,
				298BF4922BBB579E00AAE805 /* FeedLoaderCacheDecoratorTests.swift in Sources */,
			);
			runOnlyForDeploymentPostprocessing = 0;
		};
		298BF4472BB9A8EF00AAE805 /* Sources */ = {
			isa = PBXSourcesBuildPhase;
			buildActionMask = 2147483647;
			files = (
				298BF4502BB9A8EF00AAE805 /* SecondEssentialAppUITests.swift in Sources */,
				298BF4522BB9A8EF00AAE805 /* SecondEssentialAppUITestsLaunchTests.swift in Sources */,
			);
			runOnlyForDeploymentPostprocessing = 0;
		};
/* End PBXSourcesBuildPhase section */

/* Begin PBXTargetDependency section */
		298BF4432BB9A8EF00AAE805 /* PBXTargetDependency */ = {
			isa = PBXTargetDependency;
			target = 298BF42A2BB9A8EE00AAE805 /* SecondEssentialApp */;
			targetProxy = 298BF4422BB9A8EF00AAE805 /* PBXContainerItemProxy */;
		};
		298BF44D2BB9A8EF00AAE805 /* PBXTargetDependency */ = {
			isa = PBXTargetDependency;
			target = 298BF42A2BB9A8EE00AAE805 /* SecondEssentialApp */;
			targetProxy = 298BF44C2BB9A8EF00AAE805 /* PBXContainerItemProxy */;
		};
/* End PBXTargetDependency section */

/* Begin PBXVariantGroup section */
		298BF4342BB9A8EE00AAE805 /* Main.storyboard */ = {
			isa = PBXVariantGroup;
			children = (
				298BF4352BB9A8EE00AAE805 /* Base */,
			);
			name = Main.storyboard;
			sourceTree = "<group>";
		};
		298BF4392BB9A8EF00AAE805 /* LaunchScreen.storyboard */ = {
			isa = PBXVariantGroup;
			children = (
				298BF43A2BB9A8EF00AAE805 /* Base */,
			);
			name = LaunchScreen.storyboard;
			sourceTree = "<group>";
		};
/* End PBXVariantGroup section */

/* Begin XCBuildConfiguration section */
		298BF4532BB9A8EF00AAE805 /* Debug */ = {
			isa = XCBuildConfiguration;
			buildSettings = {
				ALWAYS_SEARCH_USER_PATHS = NO;
				ASSETCATALOG_COMPILER_GENERATE_SWIFT_ASSET_SYMBOL_EXTENSIONS = YES;
				CLANG_ANALYZER_NONNULL = YES;
				CLANG_ANALYZER_NUMBER_OBJECT_CONVERSION = YES_AGGRESSIVE;
				CLANG_CXX_LANGUAGE_STANDARD = "gnu++20";
				CLANG_ENABLE_MODULES = YES;
				CLANG_ENABLE_OBJC_ARC = YES;
				CLANG_ENABLE_OBJC_WEAK = YES;
				CLANG_WARN_BLOCK_CAPTURE_AUTORELEASING = YES;
				CLANG_WARN_BOOL_CONVERSION = YES;
				CLANG_WARN_COMMA = YES;
				CLANG_WARN_CONSTANT_CONVERSION = YES;
				CLANG_WARN_DEPRECATED_OBJC_IMPLEMENTATIONS = YES;
				CLANG_WARN_DIRECT_OBJC_ISA_USAGE = YES_ERROR;
				CLANG_WARN_DOCUMENTATION_COMMENTS = YES;
				CLANG_WARN_EMPTY_BODY = YES;
				CLANG_WARN_ENUM_CONVERSION = YES;
				CLANG_WARN_INFINITE_RECURSION = YES;
				CLANG_WARN_INT_CONVERSION = YES;
				CLANG_WARN_NON_LITERAL_NULL_CONVERSION = YES;
				CLANG_WARN_OBJC_IMPLICIT_RETAIN_SELF = YES;
				CLANG_WARN_OBJC_LITERAL_CONVERSION = YES;
				CLANG_WARN_OBJC_ROOT_CLASS = YES_ERROR;
				CLANG_WARN_QUOTED_INCLUDE_IN_FRAMEWORK_HEADER = YES;
				CLANG_WARN_RANGE_LOOP_ANALYSIS = YES;
				CLANG_WARN_STRICT_PROTOTYPES = YES;
				CLANG_WARN_SUSPICIOUS_MOVE = YES;
				CLANG_WARN_UNGUARDED_AVAILABILITY = YES_AGGRESSIVE;
				CLANG_WARN_UNREACHABLE_CODE = YES;
				CLANG_WARN__DUPLICATE_METHOD_MATCH = YES;
				COPY_PHASE_STRIP = NO;
				DEBUG_INFORMATION_FORMAT = dwarf;
				ENABLE_STRICT_OBJC_MSGSEND = YES;
				ENABLE_TESTABILITY = YES;
				ENABLE_USER_SCRIPT_SANDBOXING = YES;
				GCC_C_LANGUAGE_STANDARD = gnu17;
				GCC_DYNAMIC_NO_PIC = NO;
				GCC_NO_COMMON_BLOCKS = YES;
				GCC_OPTIMIZATION_LEVEL = 0;
				GCC_PREPROCESSOR_DEFINITIONS = (
					"DEBUG=1",
					"$(inherited)",
				);
				GCC_WARN_64_TO_32_BIT_CONVERSION = YES;
				GCC_WARN_ABOUT_RETURN_TYPE = YES_ERROR;
				GCC_WARN_UNDECLARED_SELECTOR = YES;
				GCC_WARN_UNINITIALIZED_AUTOS = YES_AGGRESSIVE;
				GCC_WARN_UNUSED_FUNCTION = YES;
				GCC_WARN_UNUSED_VARIABLE = YES;
				IPHONEOS_DEPLOYMENT_TARGET = 17.0;
				LOCALIZATION_PREFERS_STRING_CATALOGS = YES;
				MTL_ENABLE_DEBUG_INFO = INCLUDE_SOURCE;
				MTL_FAST_MATH = YES;
				ONLY_ACTIVE_ARCH = YES;
				SDKROOT = iphoneos;
				SWIFT_ACTIVE_COMPILATION_CONDITIONS = "DEBUG $(inherited)";
				SWIFT_OPTIMIZATION_LEVEL = "-Onone";
			};
			name = Debug;
		};
		298BF4542BB9A8EF00AAE805 /* Release */ = {
			isa = XCBuildConfiguration;
			buildSettings = {
				ALWAYS_SEARCH_USER_PATHS = NO;
				ASSETCATALOG_COMPILER_GENERATE_SWIFT_ASSET_SYMBOL_EXTENSIONS = YES;
				CLANG_ANALYZER_NONNULL = YES;
				CLANG_ANALYZER_NUMBER_OBJECT_CONVERSION = YES_AGGRESSIVE;
				CLANG_CXX_LANGUAGE_STANDARD = "gnu++20";
				CLANG_ENABLE_MODULES = YES;
				CLANG_ENABLE_OBJC_ARC = YES;
				CLANG_ENABLE_OBJC_WEAK = YES;
				CLANG_WARN_BLOCK_CAPTURE_AUTORELEASING = YES;
				CLANG_WARN_BOOL_CONVERSION = YES;
				CLANG_WARN_COMMA = YES;
				CLANG_WARN_CONSTANT_CONVERSION = YES;
				CLANG_WARN_DEPRECATED_OBJC_IMPLEMENTATIONS = YES;
				CLANG_WARN_DIRECT_OBJC_ISA_USAGE = YES_ERROR;
				CLANG_WARN_DOCUMENTATION_COMMENTS = YES;
				CLANG_WARN_EMPTY_BODY = YES;
				CLANG_WARN_ENUM_CONVERSION = YES;
				CLANG_WARN_INFINITE_RECURSION = YES;
				CLANG_WARN_INT_CONVERSION = YES;
				CLANG_WARN_NON_LITERAL_NULL_CONVERSION = YES;
				CLANG_WARN_OBJC_IMPLICIT_RETAIN_SELF = YES;
				CLANG_WARN_OBJC_LITERAL_CONVERSION = YES;
				CLANG_WARN_OBJC_ROOT_CLASS = YES_ERROR;
				CLANG_WARN_QUOTED_INCLUDE_IN_FRAMEWORK_HEADER = YES;
				CLANG_WARN_RANGE_LOOP_ANALYSIS = YES;
				CLANG_WARN_STRICT_PROTOTYPES = YES;
				CLANG_WARN_SUSPICIOUS_MOVE = YES;
				CLANG_WARN_UNGUARDED_AVAILABILITY = YES_AGGRESSIVE;
				CLANG_WARN_UNREACHABLE_CODE = YES;
				CLANG_WARN__DUPLICATE_METHOD_MATCH = YES;
				COPY_PHASE_STRIP = NO;
				DEBUG_INFORMATION_FORMAT = "dwarf-with-dsym";
				ENABLE_NS_ASSERTIONS = NO;
				ENABLE_STRICT_OBJC_MSGSEND = YES;
				ENABLE_USER_SCRIPT_SANDBOXING = YES;
				GCC_C_LANGUAGE_STANDARD = gnu17;
				GCC_NO_COMMON_BLOCKS = YES;
				GCC_WARN_64_TO_32_BIT_CONVERSION = YES;
				GCC_WARN_ABOUT_RETURN_TYPE = YES_ERROR;
				GCC_WARN_UNDECLARED_SELECTOR = YES;
				GCC_WARN_UNINITIALIZED_AUTOS = YES_AGGRESSIVE;
				GCC_WARN_UNUSED_FUNCTION = YES;
				GCC_WARN_UNUSED_VARIABLE = YES;
				IPHONEOS_DEPLOYMENT_TARGET = 17.0;
				LOCALIZATION_PREFERS_STRING_CATALOGS = YES;
				MTL_ENABLE_DEBUG_INFO = NO;
				MTL_FAST_MATH = YES;
				SDKROOT = iphoneos;
				SWIFT_COMPILATION_MODE = wholemodule;
				VALIDATE_PRODUCT = YES;
			};
			name = Release;
		};
		298BF4562BB9A8EF00AAE805 /* Debug */ = {
			isa = XCBuildConfiguration;
			buildSettings = {
				ASSETCATALOG_COMPILER_APPICON_NAME = AppIcon;
				ASSETCATALOG_COMPILER_GLOBAL_ACCENT_COLOR_NAME = AccentColor;
				CODE_SIGN_STYLE = Automatic;
				CURRENT_PROJECT_VERSION = 1;
				DEVELOPMENT_TEAM = E78623RKW6;
				GENERATE_INFOPLIST_FILE = YES;
				INFOPLIST_FILE = SecondEssentialApp/Info.plist;
				INFOPLIST_KEY_UIApplicationSupportsIndirectInputEvents = YES;
				INFOPLIST_KEY_UILaunchStoryboardName = LaunchScreen;
				INFOPLIST_KEY_UIMainStoryboardFile = Main;
				INFOPLIST_KEY_UISupportedInterfaceOrientations = UIInterfaceOrientationPortrait;
				INFOPLIST_KEY_UISupportedInterfaceOrientations_iPad = "UIInterfaceOrientationLandscapeLeft UIInterfaceOrientationLandscapeRight UIInterfaceOrientationPortrait UIInterfaceOrientationPortraitUpsideDown";
				LD_RUNPATH_SEARCH_PATHS = (
					"$(inherited)",
					"@executable_path/Frameworks",
				);
				MARKETING_VERSION = 1.0;
				PRODUCT_BUNDLE_IDENTIFIER = com.essential.amir.SecondEssentialApp;
				PRODUCT_NAME = "$(TARGET_NAME)";
				SWIFT_EMIT_LOC_STRINGS = YES;
				SWIFT_VERSION = 5.0;
				TARGETED_DEVICE_FAMILY = "1,2";
			};
			name = Debug;
		};
		298BF4572BB9A8EF00AAE805 /* Release */ = {
			isa = XCBuildConfiguration;
			buildSettings = {
				ASSETCATALOG_COMPILER_APPICON_NAME = AppIcon;
				ASSETCATALOG_COMPILER_GLOBAL_ACCENT_COLOR_NAME = AccentColor;
				CODE_SIGN_STYLE = Automatic;
				CURRENT_PROJECT_VERSION = 1;
				DEVELOPMENT_TEAM = E78623RKW6;
				GENERATE_INFOPLIST_FILE = YES;
				INFOPLIST_FILE = SecondEssentialApp/Info.plist;
				INFOPLIST_KEY_UIApplicationSupportsIndirectInputEvents = YES;
				INFOPLIST_KEY_UILaunchStoryboardName = LaunchScreen;
				INFOPLIST_KEY_UIMainStoryboardFile = Main;
				INFOPLIST_KEY_UISupportedInterfaceOrientations = UIInterfaceOrientationPortrait;
				INFOPLIST_KEY_UISupportedInterfaceOrientations_iPad = "UIInterfaceOrientationLandscapeLeft UIInterfaceOrientationLandscapeRight UIInterfaceOrientationPortrait UIInterfaceOrientationPortraitUpsideDown";
				LD_RUNPATH_SEARCH_PATHS = (
					"$(inherited)",
					"@executable_path/Frameworks",
				);
				MARKETING_VERSION = 1.0;
				PRODUCT_BUNDLE_IDENTIFIER = com.essential.amir.SecondEssentialApp;
				PRODUCT_NAME = "$(TARGET_NAME)";
				SWIFT_EMIT_LOC_STRINGS = YES;
				SWIFT_VERSION = 5.0;
				TARGETED_DEVICE_FAMILY = "1,2";
			};
			name = Release;
		};
		298BF4592BB9A8EF00AAE805 /* Debug */ = {
			isa = XCBuildConfiguration;
			buildSettings = {
				ALWAYS_EMBED_SWIFT_STANDARD_LIBRARIES = YES;
				BUNDLE_LOADER = "$(TEST_HOST)";
				CODE_SIGN_STYLE = Automatic;
				CURRENT_PROJECT_VERSION = 1;
				DEVELOPMENT_TEAM = E78623RKW6;
				GENERATE_INFOPLIST_FILE = YES;
				IPHONEOS_DEPLOYMENT_TARGET = 17.0;
				MARKETING_VERSION = 1.0;
				PRODUCT_BUNDLE_IDENTIFIER = com.essential.amir.SecondEssentialAppTests;
				PRODUCT_NAME = "$(TARGET_NAME)";
				SWIFT_EMIT_LOC_STRINGS = NO;
				SWIFT_VERSION = 5.0;
				TARGETED_DEVICE_FAMILY = "1,2";
				TEST_HOST = "$(BUILT_PRODUCTS_DIR)/SecondEssentialApp.app/$(BUNDLE_EXECUTABLE_FOLDER_PATH)/SecondEssentialApp";
			};
			name = Debug;
		};
		298BF45A2BB9A8EF00AAE805 /* Release */ = {
			isa = XCBuildConfiguration;
			buildSettings = {
				ALWAYS_EMBED_SWIFT_STANDARD_LIBRARIES = YES;
				BUNDLE_LOADER = "$(TEST_HOST)";
				CODE_SIGN_STYLE = Automatic;
				CURRENT_PROJECT_VERSION = 1;
				DEVELOPMENT_TEAM = E78623RKW6;
				GENERATE_INFOPLIST_FILE = YES;
				IPHONEOS_DEPLOYMENT_TARGET = 17.0;
				MARKETING_VERSION = 1.0;
				PRODUCT_BUNDLE_IDENTIFIER = com.essential.amir.SecondEssentialAppTests;
				PRODUCT_NAME = "$(TARGET_NAME)";
				SWIFT_EMIT_LOC_STRINGS = NO;
				SWIFT_VERSION = 5.0;
				TARGETED_DEVICE_FAMILY = "1,2";
				TEST_HOST = "$(BUILT_PRODUCTS_DIR)/SecondEssentialApp.app/$(BUNDLE_EXECUTABLE_FOLDER_PATH)/SecondEssentialApp";
			};
			name = Release;
		};
		298BF45C2BB9A8EF00AAE805 /* Debug */ = {
			isa = XCBuildConfiguration;
			buildSettings = {
				ALWAYS_EMBED_SWIFT_STANDARD_LIBRARIES = YES;
				CODE_SIGN_STYLE = Automatic;
				CURRENT_PROJECT_VERSION = 1;
				DEVELOPMENT_TEAM = E78623RKW6;
				GENERATE_INFOPLIST_FILE = YES;
				MARKETING_VERSION = 1.0;
				PRODUCT_BUNDLE_IDENTIFIER = com.essential.amir.SecondEssentialAppUITests;
				PRODUCT_NAME = "$(TARGET_NAME)";
				SWIFT_EMIT_LOC_STRINGS = NO;
				SWIFT_VERSION = 5.0;
				TARGETED_DEVICE_FAMILY = "1,2";
				TEST_TARGET_NAME = SecondEssentialApp;
			};
			name = Debug;
		};
		298BF45D2BB9A8EF00AAE805 /* Release */ = {
			isa = XCBuildConfiguration;
			buildSettings = {
				ALWAYS_EMBED_SWIFT_STANDARD_LIBRARIES = YES;
				CODE_SIGN_STYLE = Automatic;
				CURRENT_PROJECT_VERSION = 1;
				DEVELOPMENT_TEAM = E78623RKW6;
				GENERATE_INFOPLIST_FILE = YES;
				MARKETING_VERSION = 1.0;
				PRODUCT_BUNDLE_IDENTIFIER = com.essential.amir.SecondEssentialAppUITests;
				PRODUCT_NAME = "$(TARGET_NAME)";
				SWIFT_EMIT_LOC_STRINGS = NO;
				SWIFT_VERSION = 5.0;
				TARGETED_DEVICE_FAMILY = "1,2";
				TEST_TARGET_NAME = SecondEssentialApp;
			};
			name = Release;
		};
/* End XCBuildConfiguration section */

/* Begin XCConfigurationList section */
		298BF4262BB9A8EE00AAE805 /* Build configuration list for PBXProject "SecondEssentialApp" */ = {
			isa = XCConfigurationList;
			buildConfigurations = (
				298BF4532BB9A8EF00AAE805 /* Debug */,
				298BF4542BB9A8EF00AAE805 /* Release */,
			);
			defaultConfigurationIsVisible = 0;
			defaultConfigurationName = Release;
		};
		298BF4552BB9A8EF00AAE805 /* Build configuration list for PBXNativeTarget "SecondEssentialApp" */ = {
			isa = XCConfigurationList;
			buildConfigurations = (
				298BF4562BB9A8EF00AAE805 /* Debug */,
				298BF4572BB9A8EF00AAE805 /* Release */,
			);
			defaultConfigurationIsVisible = 0;
			defaultConfigurationName = Release;
		};
		298BF4582BB9A8EF00AAE805 /* Build configuration list for PBXNativeTarget "SecondEssentialAppTests" */ = {
			isa = XCConfigurationList;
			buildConfigurations = (
				298BF4592BB9A8EF00AAE805 /* Debug */,
				298BF45A2BB9A8EF00AAE805 /* Release */,
			);
			defaultConfigurationIsVisible = 0;
			defaultConfigurationName = Release;
		};
		298BF45B2BB9A8EF00AAE805 /* Build configuration list for PBXNativeTarget "SecondEssentialAppUITests" */ = {
			isa = XCConfigurationList;
			buildConfigurations = (
				298BF45C2BB9A8EF00AAE805 /* Debug */,
				298BF45D2BB9A8EF00AAE805 /* Release */,
			);
			defaultConfigurationIsVisible = 0;
			defaultConfigurationName = Release;
		};
/* End XCConfigurationList section */
	};
	rootObject = 298BF4232BB9A8EE00AAE805 /* Project object */;
}
