// !$*UTF8*$!
{
	archiveVersion = 1;
	classes = {
	};
	objectVersion = 56;
	objects = {

/* Begin PBXBuildFile section */
		293A61452B2773EC00EF0B5B /* SecondtryEssential.framework in Frameworks */ = {isa = PBXBuildFile; fileRef = 29C14E922AF3926A00470C52 /* SecondtryEssential.framework */; };
		293A614B2B27740100EF0B5B /* FeedAPIEndToEndTests.swift in Sources */ = {isa = PBXBuildFile; fileRef = 293A613B2B2763BC00EF0B5B /* FeedAPIEndToEndTests.swift */; };
		293A614C2B27748D00EF0B5B /* MemoryLeakTracker.swift in Sources */ = {isa = PBXBuildFile; fileRef = 2968E5782B1A8704008E44AC /* MemoryLeakTracker.swift */; };
		295407B72B06801A0016DF22 /* URLProtocolTests.swift in Sources */ = {isa = PBXBuildFile; fileRef = 295407B62B06801A0016DF22 /* URLProtocolTests.swift */; };
		295407B92B0684690016DF22 /* URLSessionHTTPClient.swift in Sources */ = {isa = PBXBuildFile; fileRef = 295407B82B0684690016DF22 /* URLSessionHTTPClient.swift */; };
		29683C632B5715B000674BD9 /* ValidateFeedCacheUseCaseTests.swift in Sources */ = {isa = PBXBuildFile; fileRef = 29683C622B5715B000674BD9 /* ValidateFeedCacheUseCaseTests.swift */; };
		29683C662B571E7A00674BD9 /* CachePolicy.swift in Sources */ = {isa = PBXBuildFile; fileRef = 29683C652B571E7A00674BD9 /* CachePolicy.swift */; };
		2968E5792B1A8704008E44AC /* MemoryLeakTracker.swift in Sources */ = {isa = PBXBuildFile; fileRef = 2968E5782B1A8704008E44AC /* MemoryLeakTracker.swift */; };
		29710DA92B3ECC9E0033394D /* FeedCacheUseCaseTests.swift in Sources */ = {isa = PBXBuildFile; fileRef = 29710DA82B3ECC9E0033394D /* FeedCacheUseCaseTests.swift */; };
		29710DAB2B3ED68D0033394D /* TestHelpers.swift in Sources */ = {isa = PBXBuildFile; fileRef = 29710DAA2B3ED68D0033394D /* TestHelpers.swift */; };
		297A92FB2B641BEB00665884 /* CodableFeedStore.swift in Sources */ = {isa = PBXBuildFile; fileRef = 297A92FA2B641BEB00665884 /* CodableFeedStore.swift */; };
		29B236702B517D6C00214816 /* FeedStore.swift in Sources */ = {isa = PBXBuildFile; fileRef = 29B2366F2B517D6C00214816 /* FeedStore.swift */; };
		29B236732B51872D00214816 /* LoadFeedFromCacheUseCaseTests.swift in Sources */ = {isa = PBXBuildFile; fileRef = 29B236722B51872D00214816 /* LoadFeedFromCacheUseCaseTests.swift */; };
		29B236752B51876C00214816 /* LocalFeedLoader.swift in Sources */ = {isa = PBXBuildFile; fileRef = 29B236742B51876C00214816 /* LocalFeedLoader.swift */; };
		29B236772B5187C200214816 /* FeedStoreSpy.swift in Sources */ = {isa = PBXBuildFile; fileRef = 29B236762B5187C200214816 /* FeedStoreSpy.swift */; };
		29C14EAB2AF3929A00470C52 /* FeedItem.swift in Sources */ = {isa = PBXBuildFile; fileRef = 29C14EAA2AF3929A00470C52 /* FeedItem.swift */; };
		29C14EAD2AF392DC00470C52 /* RemoteFeedLoader.swift in Sources */ = {isa = PBXBuildFile; fileRef = 29C14EAC2AF392DC00470C52 /* RemoteFeedLoader.swift */; };
		29CAE6FE2AF3A50C0015AA80 /* SecondtryEssentialTests.swift in Sources */ = {isa = PBXBuildFile; fileRef = 29CAE6FD2AF3A50C0015AA80 /* SecondtryEssentialTests.swift */; };
		29CAE6FF2AF3A50C0015AA80 /* SecondtryEssential.framework in Frameworks */ = {isa = PBXBuildFile; fileRef = 29C14E922AF3926A00470C52 /* SecondtryEssential.framework */; };
		29E16BA72B59C79700936FC4 /* CodableFeedStoreTests.swift in Sources */ = {isa = PBXBuildFile; fileRef = 29E16BA62B59C79600936FC4 /* CodableFeedStoreTests.swift */; };
/* End PBXBuildFile section */

/* Begin PBXContainerItemProxy section */
		293A61462B2773EC00EF0B5B /* PBXContainerItemProxy */ = {
			isa = PBXContainerItemProxy;
			containerPortal = 29C14E892AF3926A00470C52 /* Project object */;
			proxyType = 1;
			remoteGlobalIDString = 29C14E912AF3926A00470C52;
			remoteInfo = SecondtryEssential;
		};
		29CAE7002AF3A50C0015AA80 /* PBXContainerItemProxy */ = {
			isa = PBXContainerItemProxy;
			containerPortal = 29C14E892AF3926A00470C52 /* Project object */;
			proxyType = 1;
			remoteGlobalIDString = 29C14E912AF3926A00470C52;
			remoteInfo = SecondtryEssential;
		};
/* End PBXContainerItemProxy section */

/* Begin PBXFileReference section */
		293A613B2B2763BC00EF0B5B /* FeedAPIEndToEndTests.swift */ = {isa = PBXFileReference; lastKnownFileType = sourcecode.swift; path = FeedAPIEndToEndTests.swift; sourceTree = "<group>"; };
		293A61412B2773EC00EF0B5B /* SecondtryEssentialEndToEndTests.xctest */ = {isa = PBXFileReference; explicitFileType = wrapper.cfbundle; includeInIndex = 0; path = SecondtryEssentialEndToEndTests.xctest; sourceTree = BUILT_PRODUCTS_DIR; };
		293A614D2B2793A500EF0B5B /* CI.xctestplan */ = {isa = PBXFileReference; lastKnownFileType = text; path = CI.xctestplan; sourceTree = "<group>"; };
		295407B62B06801A0016DF22 /* URLProtocolTests.swift */ = {isa = PBXFileReference; lastKnownFileType = sourcecode.swift; path = URLProtocolTests.swift; sourceTree = "<group>"; };
		295407B82B0684690016DF22 /* URLSessionHTTPClient.swift */ = {isa = PBXFileReference; lastKnownFileType = sourcecode.swift; path = URLSessionHTTPClient.swift; sourceTree = "<group>"; };
		29683C622B5715B000674BD9 /* ValidateFeedCacheUseCaseTests.swift */ = {isa = PBXFileReference; lastKnownFileType = sourcecode.swift; path = ValidateFeedCacheUseCaseTests.swift; sourceTree = "<group>"; };
		29683C652B571E7A00674BD9 /* CachePolicy.swift */ = {isa = PBXFileReference; lastKnownFileType = sourcecode.swift; path = CachePolicy.swift; sourceTree = "<group>"; };
		2968E5782B1A8704008E44AC /* MemoryLeakTracker.swift */ = {isa = PBXFileReference; lastKnownFileType = sourcecode.swift; path = MemoryLeakTracker.swift; sourceTree = "<group>"; };
		29710DA82B3ECC9E0033394D /* FeedCacheUseCaseTests.swift */ = {isa = PBXFileReference; lastKnownFileType = sourcecode.swift; path = FeedCacheUseCaseTests.swift; sourceTree = "<group>"; };
		29710DAA2B3ED68D0033394D /* TestHelpers.swift */ = {isa = PBXFileReference; lastKnownFileType = sourcecode.swift; path = TestHelpers.swift; sourceTree = "<group>"; };
		297A92FA2B641BEB00665884 /* CodableFeedStore.swift */ = {isa = PBXFileReference; lastKnownFileType = sourcecode.swift; path = CodableFeedStore.swift; sourceTree = "<group>"; };
		2981766F2AF3A2A800102779 /* SecondtryEssential.xctestplan */ = {isa = PBXFileReference; lastKnownFileType = text; path = SecondtryEssential.xctestplan; sourceTree = "<group>"; };
		29B2366F2B517D6C00214816 /* FeedStore.swift */ = {isa = PBXFileReference; lastKnownFileType = sourcecode.swift; path = FeedStore.swift; sourceTree = "<group>"; };
		29B236722B51872D00214816 /* LoadFeedFromCacheUseCaseTests.swift */ = {isa = PBXFileReference; lastKnownFileType = sourcecode.swift; path = LoadFeedFromCacheUseCaseTests.swift; sourceTree = "<group>"; };
		29B236742B51876C00214816 /* LocalFeedLoader.swift */ = {isa = PBXFileReference; lastKnownFileType = sourcecode.swift; path = LocalFeedLoader.swift; sourceTree = "<group>"; };
		29B236762B5187C200214816 /* FeedStoreSpy.swift */ = {isa = PBXFileReference; lastKnownFileType = sourcecode.swift; path = FeedStoreSpy.swift; sourceTree = "<group>"; };
		29C14E922AF3926A00470C52 /* SecondtryEssential.framework */ = {isa = PBXFileReference; explicitFileType = wrapper.framework; includeInIndex = 0; path = SecondtryEssential.framework; sourceTree = BUILT_PRODUCTS_DIR; };
		29C14EAA2AF3929A00470C52 /* FeedItem.swift */ = {isa = PBXFileReference; lastKnownFileType = sourcecode.swift; path = FeedItem.swift; sourceTree = "<group>"; };
		29C14EAC2AF392DC00470C52 /* RemoteFeedLoader.swift */ = {isa = PBXFileReference; lastKnownFileType = sourcecode.swift; path = RemoteFeedLoader.swift; sourceTree = "<group>"; };
		29CAE6FB2AF3A50C0015AA80 /* SecondtryEssentialTests.xctest */ = {isa = PBXFileReference; explicitFileType = wrapper.cfbundle; includeInIndex = 0; path = SecondtryEssentialTests.xctest; sourceTree = BUILT_PRODUCTS_DIR; };
		29CAE6FD2AF3A50C0015AA80 /* SecondtryEssentialTests.swift */ = {isa = PBXFileReference; lastKnownFileType = sourcecode.swift; path = SecondtryEssentialTests.swift; sourceTree = "<group>"; };
		29E16BA62B59C79600936FC4 /* CodableFeedStoreTests.swift */ = {isa = PBXFileReference; lastKnownFileType = sourcecode.swift; path = CodableFeedStoreTests.swift; sourceTree = "<group>"; };
/* End PBXFileReference section */

/* Begin PBXFrameworksBuildPhase section */
		293A613E2B2773EC00EF0B5B /* Frameworks */ = {
			isa = PBXFrameworksBuildPhase;
			buildActionMask = 2147483647;
			files = (
				293A61452B2773EC00EF0B5B /* SecondtryEssential.framework in Frameworks */,
			);
			runOnlyForDeploymentPostprocessing = 0;
		};
		29C14E8F2AF3926A00470C52 /* Frameworks */ = {
			isa = PBXFrameworksBuildPhase;
			buildActionMask = 2147483647;
			files = (
			);
			runOnlyForDeploymentPostprocessing = 0;
		};
		29CAE6F82AF3A50C0015AA80 /* Frameworks */ = {
			isa = PBXFrameworksBuildPhase;
			buildActionMask = 2147483647;
			files = (
				29CAE6FF2AF3A50C0015AA80 /* SecondtryEssential.framework in Frameworks */,
			);
			runOnlyForDeploymentPostprocessing = 0;
		};
/* End PBXFrameworksBuildPhase section */

/* Begin PBXGroup section */
		293A61422B2773EC00EF0B5B /* SecondtryEssentialEndToEndTests */ = {
			isa = PBXGroup;
			children = (
				293A613B2B2763BC00EF0B5B /* FeedAPIEndToEndTests.swift */,
			);
			path = SecondtryEssentialEndToEndTests;
			sourceTree = "<group>";
		};
		29683C642B5715FD00674BD9 /* Helpers */ = {
			isa = PBXGroup;
			children = (
				29B236762B5187C200214816 /* FeedStoreSpy.swift */,
			);
			path = Helpers;
			sourceTree = "<group>";
		};
		2968E5762B1A86CF008E44AC /* FeedAPI */ = {
			isa = PBXGroup;
			children = (
				2968E5772B1A86D6008E44AC /* Helpers */,
			);
			path = FeedAPI;
			sourceTree = "<group>";
		};
		2968E5772B1A86D6008E44AC /* Helpers */ = {
			isa = PBXGroup;
			children = (
				2968E5782B1A8704008E44AC /* MemoryLeakTracker.swift */,
			);
			path = Helpers;
			sourceTree = "<group>";
		};
		29710DA72B3ECC560033394D /* FeedCache */ = {
			isa = PBXGroup;
			children = (
				29683C642B5715FD00674BD9 /* Helpers */,
				29710DA82B3ECC9E0033394D /* FeedCacheUseCaseTests.swift */,
				29B236722B51872D00214816 /* LoadFeedFromCacheUseCaseTests.swift */,
				29683C622B5715B000674BD9 /* ValidateFeedCacheUseCaseTests.swift */,
				29E16BA62B59C79600936FC4 /* CodableFeedStoreTests.swift */,
			);
			path = FeedCache;
			sourceTree = "<group>";
		};
		29B2366E2B517D5A00214816 /* FeedCache */ = {
			isa = PBXGroup;
			children = (
				29B2366F2B517D6C00214816 /* FeedStore.swift */,
				29B236742B51876C00214816 /* LocalFeedLoader.swift */,
				29683C652B571E7A00674BD9 /* CachePolicy.swift */,
				297A92FA2B641BEB00665884 /* CodableFeedStore.swift */,
			);
			path = FeedCache;
			sourceTree = "<group>";
		};
		29B236712B517D8A00214816 /* FeedAPI */ = {
			isa = PBXGroup;
			children = (
				29C14EAA2AF3929A00470C52 /* FeedItem.swift */,
				295407B82B0684690016DF22 /* URLSessionHTTPClient.swift */,
				29C14EAC2AF392DC00470C52 /* RemoteFeedLoader.swift */,
			);
			path = FeedAPI;
			sourceTree = "<group>";
		};
		29C14E882AF3926A00470C52 = {
			isa = PBXGroup;
			children = (
				293A614D2B2793A500EF0B5B /* CI.xctestplan */,
				2981766F2AF3A2A800102779 /* SecondtryEssential.xctestplan */,
				29C14E942AF3926A00470C52 /* SecondtryEssential */,
				29CAE6FC2AF3A50C0015AA80 /* SecondtryEssentialTests */,
				293A61422B2773EC00EF0B5B /* SecondtryEssentialEndToEndTests */,
				29C14E932AF3926A00470C52 /* Products */,
			);
			sourceTree = "<group>";
		};
		29C14E932AF3926A00470C52 /* Products */ = {
			isa = PBXGroup;
			children = (
				29C14E922AF3926A00470C52 /* SecondtryEssential.framework */,
				29CAE6FB2AF3A50C0015AA80 /* SecondtryEssentialTests.xctest */,
				293A61412B2773EC00EF0B5B /* SecondtryEssentialEndToEndTests.xctest */,
			);
			name = Products;
			sourceTree = "<group>";
		};
		29C14E942AF3926A00470C52 /* SecondtryEssential */ = {
			isa = PBXGroup;
			children = (
				29B236712B517D8A00214816 /* FeedAPI */,
				29B2366E2B517D5A00214816 /* FeedCache */,
			);
			path = SecondtryEssential;
			sourceTree = "<group>";
		};
		29CAE6FC2AF3A50C0015AA80 /* SecondtryEssentialTests */ = {
			isa = PBXGroup;
			children = (
				29710DA72B3ECC560033394D /* FeedCache */,
				2968E5762B1A86CF008E44AC /* FeedAPI */,
				29CAE6FD2AF3A50C0015AA80 /* SecondtryEssentialTests.swift */,
				295407B62B06801A0016DF22 /* URLProtocolTests.swift */,
				29710DAA2B3ED68D0033394D /* TestHelpers.swift */,
			);
			path = SecondtryEssentialTests;
			sourceTree = "<group>";
		};
/* End PBXGroup section */

/* Begin PBXHeadersBuildPhase section */
		29C14E8D2AF3926A00470C52 /* Headers */ = {
			isa = PBXHeadersBuildPhase;
			buildActionMask = 2147483647;
			files = (
			);
			runOnlyForDeploymentPostprocessing = 0;
		};
/* End PBXHeadersBuildPhase section */

/* Begin PBXNativeTarget section */
		293A61402B2773EC00EF0B5B /* SecondtryEssentialEndToEndTests */ = {
			isa = PBXNativeTarget;
			buildConfigurationList = 293A61482B2773EC00EF0B5B /* Build configuration list for PBXNativeTarget "SecondtryEssentialEndToEndTests" */;
			buildPhases = (
				293A613D2B2773EC00EF0B5B /* Sources */,
				293A613E2B2773EC00EF0B5B /* Frameworks */,
				293A613F2B2773EC00EF0B5B /* Resources */,
			);
			buildRules = (
			);
			dependencies = (
				293A61472B2773EC00EF0B5B /* PBXTargetDependency */,
			);
			name = SecondtryEssentialEndToEndTests;
			productName = SecondtryEssentialEndToEndTests;
			productReference = 293A61412B2773EC00EF0B5B /* SecondtryEssentialEndToEndTests.xctest */;
			productType = "com.apple.product-type.bundle.unit-test";
		};
		29C14E912AF3926A00470C52 /* SecondtryEssential */ = {
			isa = PBXNativeTarget;
			buildConfigurationList = 29C14EA42AF3926A00470C52 /* Build configuration list for PBXNativeTarget "SecondtryEssential" */;
			buildPhases = (
				29C14E8D2AF3926A00470C52 /* Headers */,
				29C14E8E2AF3926A00470C52 /* Sources */,
				29C14E8F2AF3926A00470C52 /* Frameworks */,
				29C14E902AF3926A00470C52 /* Resources */,
			);
			buildRules = (
			);
			dependencies = (
			);
			name = SecondtryEssential;
			productName = SecondtryEssential;
			productReference = 29C14E922AF3926A00470C52 /* SecondtryEssential.framework */;
			productType = "com.apple.product-type.framework";
		};
		29CAE6FA2AF3A50C0015AA80 /* SecondtryEssentialTests */ = {
			isa = PBXNativeTarget;
			buildConfigurationList = 29CAE7022AF3A50C0015AA80 /* Build configuration list for PBXNativeTarget "SecondtryEssentialTests" */;
			buildPhases = (
				29CAE6F72AF3A50C0015AA80 /* Sources */,
				29CAE6F82AF3A50C0015AA80 /* Frameworks */,
				29CAE6F92AF3A50C0015AA80 /* Resources */,
			);
			buildRules = (
			);
			dependencies = (
				29CAE7012AF3A50C0015AA80 /* PBXTargetDependency */,
			);
			name = SecondtryEssentialTests;
			productName = SecondtryEssentialTests;
			productReference = 29CAE6FB2AF3A50C0015AA80 /* SecondtryEssentialTests.xctest */;
			productType = "com.apple.product-type.bundle.unit-test";
		};
/* End PBXNativeTarget section */

/* Begin PBXProject section */
		29C14E892AF3926A00470C52 /* Project object */ = {
			isa = PBXProject;
			attributes = {
				BuildIndependentTargetsInParallel = 1;
				LastSwiftUpdateCheck = 1500;
				LastUpgradeCheck = 1500;
				TargetAttributes = {
					293A61402B2773EC00EF0B5B = {
						CreatedOnToolsVersion = 15.0.1;
					};
					29C14E912AF3926A00470C52 = {
						CreatedOnToolsVersion = 15.0;
						LastSwiftMigration = 1500;
					};
					29CAE6FA2AF3A50C0015AA80 = {
						CreatedOnToolsVersion = 15.0;
						LastSwiftMigration = 1500;
					};
				};
			};
			buildConfigurationList = 29C14E8C2AF3926A00470C52 /* Build configuration list for PBXProject "SecondtryEssential" */;
			compatibilityVersion = "Xcode 14.0";
			developmentRegion = en;
			hasScannedForEncodings = 0;
			knownRegions = (
				en,
				Base,
			);
			mainGroup = 29C14E882AF3926A00470C52;
			productRefGroup = 29C14E932AF3926A00470C52 /* Products */;
			projectDirPath = "";
			projectRoot = "";
			targets = (
				29C14E912AF3926A00470C52 /* SecondtryEssential */,
				29CAE6FA2AF3A50C0015AA80 /* SecondtryEssentialTests */,
				293A61402B2773EC00EF0B5B /* SecondtryEssentialEndToEndTests */,
			);
		};
/* End PBXProject section */

/* Begin PBXResourcesBuildPhase section */
		293A613F2B2773EC00EF0B5B /* Resources */ = {
			isa = PBXResourcesBuildPhase;
			buildActionMask = 2147483647;
			files = (
			);
			runOnlyForDeploymentPostprocessing = 0;
		};
		29C14E902AF3926A00470C52 /* Resources */ = {
			isa = PBXResourcesBuildPhase;
			buildActionMask = 2147483647;
			files = (
			);
			runOnlyForDeploymentPostprocessing = 0;
		};
		29CAE6F92AF3A50C0015AA80 /* Resources */ = {
			isa = PBXResourcesBuildPhase;
			buildActionMask = 2147483647;
			files = (
			);
			runOnlyForDeploymentPostprocessing = 0;
		};
/* End PBXResourcesBuildPhase section */

/* Begin PBXSourcesBuildPhase section */
		293A613D2B2773EC00EF0B5B /* Sources */ = {
			isa = PBXSourcesBuildPhase;
			buildActionMask = 2147483647;
			files = (
				293A614C2B27748D00EF0B5B /* MemoryLeakTracker.swift in Sources */,
				293A614B2B27740100EF0B5B /* FeedAPIEndToEndTests.swift in Sources */,
			);
			runOnlyForDeploymentPostprocessing = 0;
		};
		29C14E8E2AF3926A00470C52 /* Sources */ = {
			isa = PBXSourcesBuildPhase;
			buildActionMask = 2147483647;
			files = (
				29C14EAB2AF3929A00470C52 /* FeedItem.swift in Sources */,
				297A92FB2B641BEB00665884 /* CodableFeedStore.swift in Sources */,
				29C14EAD2AF392DC00470C52 /* RemoteFeedLoader.swift in Sources */,
				29683C662B571E7A00674BD9 /* CachePolicy.swift in Sources */,
				295407B92B0684690016DF22 /* URLSessionHTTPClient.swift in Sources */,
				29B236702B517D6C00214816 /* FeedStore.swift in Sources */,
				29B236752B51876C00214816 /* LocalFeedLoader.swift in Sources */,
			);
			runOnlyForDeploymentPostprocessing = 0;
		};
		29CAE6F72AF3A50C0015AA80 /* Sources */ = {
			isa = PBXSourcesBuildPhase;
			buildActionMask = 2147483647;
			files = (
				2968E5792B1A8704008E44AC /* MemoryLeakTracker.swift in Sources */,
				29710DAB2B3ED68D0033394D /* TestHelpers.swift in Sources */,
				29CAE6FE2AF3A50C0015AA80 /* SecondtryEssentialTests.swift in Sources */,
				29E16BA72B59C79700936FC4 /* CodableFeedStoreTests.swift in Sources */,
				29710DA92B3ECC9E0033394D /* FeedCacheUseCaseTests.swift in Sources */,
				29683C632B5715B000674BD9 /* ValidateFeedCacheUseCaseTests.swift in Sources */,
				29B236772B5187C200214816 /* FeedStoreSpy.swift in Sources */,
				29B236732B51872D00214816 /* LoadFeedFromCacheUseCaseTests.swift in Sources */,
				295407B72B06801A0016DF22 /* URLProtocolTests.swift in Sources */,
			);
			runOnlyForDeploymentPostprocessing = 0;
		};
/* End PBXSourcesBuildPhase section */

/* Begin PBXTargetDependency section */
		293A61472B2773EC00EF0B5B /* PBXTargetDependency */ = {
			isa = PBXTargetDependency;
			target = 29C14E912AF3926A00470C52 /* SecondtryEssential */;
			targetProxy = 293A61462B2773EC00EF0B5B /* PBXContainerItemProxy */;
		};
		29CAE7012AF3A50C0015AA80 /* PBXTargetDependency */ = {
			isa = PBXTargetDependency;
			target = 29C14E912AF3926A00470C52 /* SecondtryEssential */;
			targetProxy = 29CAE7002AF3A50C0015AA80 /* PBXContainerItemProxy */;
		};
/* End PBXTargetDependency section */

/* Begin XCBuildConfiguration section */
		293A61492B2773EC00EF0B5B /* Debug */ = {
			isa = XCBuildConfiguration;
			buildSettings = {
				CODE_SIGN_STYLE = Automatic;
				CURRENT_PROJECT_VERSION = 1;
				DEVELOPMENT_TEAM = E78623RKW6;
				GENERATE_INFOPLIST_FILE = YES;
				MACOSX_DEPLOYMENT_TARGET = 12.0;
				MARKETING_VERSION = 1.0;
				PRODUCT_BUNDLE_IDENTIFIER = com.SecondtryEssentialEndToEndTests;
				PRODUCT_NAME = "$(TARGET_NAME)";
				SWIFT_EMIT_LOC_STRINGS = NO;
				SWIFT_VERSION = 5.0;
			};
			name = Debug;
		};
		293A614A2B2773EC00EF0B5B /* Release */ = {
			isa = XCBuildConfiguration;
			buildSettings = {
				CODE_SIGN_STYLE = Automatic;
				CURRENT_PROJECT_VERSION = 1;
				DEVELOPMENT_TEAM = E78623RKW6;
				GENERATE_INFOPLIST_FILE = YES;
				MACOSX_DEPLOYMENT_TARGET = 12.0;
				MARKETING_VERSION = 1.0;
				PRODUCT_BUNDLE_IDENTIFIER = com.SecondtryEssentialEndToEndTests;
				PRODUCT_NAME = "$(TARGET_NAME)";
				SWIFT_EMIT_LOC_STRINGS = NO;
				SWIFT_VERSION = 5.0;
			};
			name = Release;
		};
		29C14EA22AF3926A00470C52 /* Debug */ = {
			isa = XCBuildConfiguration;
			buildSettings = {
				ALWAYS_SEARCH_USER_PATHS = NO;
				ASSETCATALOG_COMPILER_GENERATE_SWIFT_ASSET_SYMBOL_EXTENSIONS = YES;
				CLANG_ANALYZER_NONNULL = YES;
				CLANG_ANALYZER_NUMBER_OBJECT_CONVERSION = YES_AGGRESSIVE;
				CLANG_CXX_LANGUAGE_STANDARD = "gnu++20";
				CLANG_ENABLE_MODULES = YES;
				CLANG_ENABLE_OBJC_ARC = YES;
				CLANG_ENABLE_OBJC_WEAK = YES;
				CLANG_WARN_BLOCK_CAPTURE_AUTORELEASING = YES;
				CLANG_WARN_BOOL_CONVERSION = YES;
				CLANG_WARN_COMMA = YES;
				CLANG_WARN_CONSTANT_CONVERSION = YES;
				CLANG_WARN_DEPRECATED_OBJC_IMPLEMENTATIONS = YES;
				CLANG_WARN_DIRECT_OBJC_ISA_USAGE = YES_ERROR;
				CLANG_WARN_DOCUMENTATION_COMMENTS = YES;
				CLANG_WARN_EMPTY_BODY = YES;
				CLANG_WARN_ENUM_CONVERSION = YES;
				CLANG_WARN_INFINITE_RECURSION = YES;
				CLANG_WARN_INT_CONVERSION = YES;
				CLANG_WARN_NON_LITERAL_NULL_CONVERSION = YES;
				CLANG_WARN_OBJC_IMPLICIT_RETAIN_SELF = YES;
				CLANG_WARN_OBJC_LITERAL_CONVERSION = YES;
				CLANG_WARN_OBJC_ROOT_CLASS = YES_ERROR;
				CLANG_WARN_QUOTED_INCLUDE_IN_FRAMEWORK_HEADER = YES;
				CLANG_WARN_RANGE_LOOP_ANALYSIS = YES;
				CLANG_WARN_STRICT_PROTOTYPES = YES;
				CLANG_WARN_SUSPICIOUS_MOVE = YES;
				CLANG_WARN_UNGUARDED_AVAILABILITY = YES_AGGRESSIVE;
				CLANG_WARN_UNREACHABLE_CODE = YES;
				CLANG_WARN__DUPLICATE_METHOD_MATCH = YES;
				COPY_PHASE_STRIP = NO;
				CURRENT_PROJECT_VERSION = 1;
				DEBUG_INFORMATION_FORMAT = dwarf;
				ENABLE_STRICT_OBJC_MSGSEND = YES;
				ENABLE_TESTABILITY = YES;
				ENABLE_USER_SCRIPT_SANDBOXING = YES;
				GCC_C_LANGUAGE_STANDARD = gnu17;
				GCC_DYNAMIC_NO_PIC = NO;
				GCC_NO_COMMON_BLOCKS = YES;
				GCC_OPTIMIZATION_LEVEL = 0;
				GCC_PREPROCESSOR_DEFINITIONS = (
					"DEBUG=1",
					"$(inherited)",
				);
				GCC_WARN_64_TO_32_BIT_CONVERSION = YES;
				GCC_WARN_ABOUT_RETURN_TYPE = YES_ERROR;
				GCC_WARN_UNDECLARED_SELECTOR = YES;
				GCC_WARN_UNINITIALIZED_AUTOS = YES_AGGRESSIVE;
				GCC_WARN_UNUSED_FUNCTION = YES;
				GCC_WARN_UNUSED_VARIABLE = YES;
				LOCALIZATION_PREFERS_STRING_CATALOGS = YES;
				MACOSX_DEPLOYMENT_TARGET = 12.0;
				MTL_ENABLE_DEBUG_INFO = INCLUDE_SOURCE;
				MTL_FAST_MATH = YES;
				ONLY_ACTIVE_ARCH = YES;
				SDKROOT = macosx;
				SWIFT_ACTIVE_COMPILATION_CONDITIONS = "DEBUG $(inherited)";
				SWIFT_OPTIMIZATION_LEVEL = "-Onone";
				VERSIONING_SYSTEM = "apple-generic";
				VERSION_INFO_PREFIX = "";
			};
			name = Debug;
		};
		29C14EA32AF3926A00470C52 /* Release */ = {
			isa = XCBuildConfiguration;
			buildSettings = {
				ALWAYS_SEARCH_USER_PATHS = NO;
				ASSETCATALOG_COMPILER_GENERATE_SWIFT_ASSET_SYMBOL_EXTENSIONS = YES;
				CLANG_ANALYZER_NONNULL = YES;
				CLANG_ANALYZER_NUMBER_OBJECT_CONVERSION = YES_AGGRESSIVE;
				CLANG_CXX_LANGUAGE_STANDARD = "gnu++20";
				CLANG_ENABLE_MODULES = YES;
				CLANG_ENABLE_OBJC_ARC = YES;
				CLANG_ENABLE_OBJC_WEAK = YES;
				CLANG_WARN_BLOCK_CAPTURE_AUTORELEASING = YES;
				CLANG_WARN_BOOL_CONVERSION = YES;
				CLANG_WARN_COMMA = YES;
				CLANG_WARN_CONSTANT_CONVERSION = YES;
				CLANG_WARN_DEPRECATED_OBJC_IMPLEMENTATIONS = YES;
				CLANG_WARN_DIRECT_OBJC_ISA_USAGE = YES_ERROR;
				CLANG_WARN_DOCUMENTATION_COMMENTS = YES;
				CLANG_WARN_EMPTY_BODY = YES;
				CLANG_WARN_ENUM_CONVERSION = YES;
				CLANG_WARN_INFINITE_RECURSION = YES;
				CLANG_WARN_INT_CONVERSION = YES;
				CLANG_WARN_NON_LITERAL_NULL_CONVERSION = YES;
				CLANG_WARN_OBJC_IMPLICIT_RETAIN_SELF = YES;
				CLANG_WARN_OBJC_LITERAL_CONVERSION = YES;
				CLANG_WARN_OBJC_ROOT_CLASS = YES_ERROR;
				CLANG_WARN_QUOTED_INCLUDE_IN_FRAMEWORK_HEADER = YES;
				CLANG_WARN_RANGE_LOOP_ANALYSIS = YES;
				CLANG_WARN_STRICT_PROTOTYPES = YES;
				CLANG_WARN_SUSPICIOUS_MOVE = YES;
				CLANG_WARN_UNGUARDED_AVAILABILITY = YES_AGGRESSIVE;
				CLANG_WARN_UNREACHABLE_CODE = YES;
				CLANG_WARN__DUPLICATE_METHOD_MATCH = YES;
				COPY_PHASE_STRIP = NO;
				CURRENT_PROJECT_VERSION = 1;
				DEBUG_INFORMATION_FORMAT = "dwarf-with-dsym";
				ENABLE_NS_ASSERTIONS = NO;
				ENABLE_STRICT_OBJC_MSGSEND = YES;
				ENABLE_USER_SCRIPT_SANDBOXING = YES;
				GCC_C_LANGUAGE_STANDARD = gnu17;
				GCC_NO_COMMON_BLOCKS = YES;
				GCC_WARN_64_TO_32_BIT_CONVERSION = YES;
				GCC_WARN_ABOUT_RETURN_TYPE = YES_ERROR;
				GCC_WARN_UNDECLARED_SELECTOR = YES;
				GCC_WARN_UNINITIALIZED_AUTOS = YES_AGGRESSIVE;
				GCC_WARN_UNUSED_FUNCTION = YES;
				GCC_WARN_UNUSED_VARIABLE = YES;
				LOCALIZATION_PREFERS_STRING_CATALOGS = YES;
				MACOSX_DEPLOYMENT_TARGET = 12.0;
				MTL_ENABLE_DEBUG_INFO = NO;
				MTL_FAST_MATH = YES;
				SDKROOT = macosx;
				SWIFT_COMPILATION_MODE = wholemodule;
				VERSIONING_SYSTEM = "apple-generic";
				VERSION_INFO_PREFIX = "";
			};
			name = Release;
		};
		29C14EA52AF3926A00470C52 /* Debug */ = {
			isa = XCBuildConfiguration;
			buildSettings = {
				CLANG_ENABLE_MODULES = YES;
				CODE_SIGN_STYLE = Automatic;
				COMBINE_HIDPI_IMAGES = YES;
				CURRENT_PROJECT_VERSION = 1;
				DEFINES_MODULE = YES;
				DEVELOPMENT_TEAM = E78623RKW6;
				DYLIB_COMPATIBILITY_VERSION = 1;
				DYLIB_CURRENT_VERSION = 1;
				DYLIB_INSTALL_NAME_BASE = "@rpath";
				ENABLE_MODULE_VERIFIER = YES;
				GENERATE_INFOPLIST_FILE = YES;
				INFOPLIST_KEY_NSHumanReadableCopyright = "";
				INSTALL_PATH = "$(LOCAL_LIBRARY_DIR)/Frameworks";
				LD_RUNPATH_SEARCH_PATHS = (
					"$(inherited)",
					"@executable_path/../Frameworks",
					"@loader_path/Frameworks",
				);
				MACOSX_DEPLOYMENT_TARGET = 12.0;
				MARKETING_VERSION = 1.0;
				MODULE_VERIFIER_SUPPORTED_LANGUAGES = "objective-c objective-c++";
				MODULE_VERIFIER_SUPPORTED_LANGUAGE_STANDARDS = "gnu17 gnu++20";
				PRODUCT_BUNDLE_IDENTIFIER = com.essential.amir.SecondtryEssential;
				PRODUCT_NAME = "$(TARGET_NAME:c99extidentifier)";
				SKIP_INSTALL = YES;
				SWIFT_EMIT_LOC_STRINGS = YES;
				SWIFT_OPTIMIZATION_LEVEL = "-Onone";
				SWIFT_VERSION = 5.0;
			};
			name = Debug;
		};
		29C14EA62AF3926A00470C52 /* Release */ = {
			isa = XCBuildConfiguration;
			buildSettings = {
				CLANG_ENABLE_MODULES = YES;
				CODE_SIGN_STYLE = Automatic;
				COMBINE_HIDPI_IMAGES = YES;
				CURRENT_PROJECT_VERSION = 1;
				DEFINES_MODULE = YES;
				DEVELOPMENT_TEAM = E78623RKW6;
				DYLIB_COMPATIBILITY_VERSION = 1;
				DYLIB_CURRENT_VERSION = 1;
				DYLIB_INSTALL_NAME_BASE = "@rpath";
				ENABLE_MODULE_VERIFIER = YES;
				GENERATE_INFOPLIST_FILE = YES;
				INFOPLIST_KEY_NSHumanReadableCopyright = "";
				INSTALL_PATH = "$(LOCAL_LIBRARY_DIR)/Frameworks";
				LD_RUNPATH_SEARCH_PATHS = (
					"$(inherited)",
					"@executable_path/../Frameworks",
					"@loader_path/Frameworks",
				);
				MACOSX_DEPLOYMENT_TARGET = 12.0;
				MARKETING_VERSION = 1.0;
				MODULE_VERIFIER_SUPPORTED_LANGUAGES = "objective-c objective-c++";
				MODULE_VERIFIER_SUPPORTED_LANGUAGE_STANDARDS = "gnu17 gnu++20";
				PRODUCT_BUNDLE_IDENTIFIER = com.essential.amir.SecondtryEssential;
				PRODUCT_NAME = "$(TARGET_NAME:c99extidentifier)";
				SKIP_INSTALL = YES;
				SWIFT_EMIT_LOC_STRINGS = YES;
				SWIFT_VERSION = 5.0;
			};
			name = Release;
		};
		29CAE7032AF3A50C0015AA80 /* Debug */ = {
			isa = XCBuildConfiguration;
			buildSettings = {
				CLANG_ENABLE_MODULES = YES;
				CODE_SIGN_STYLE = Automatic;
				CURRENT_PROJECT_VERSION = 1;
				DEVELOPMENT_TEAM = E78623RKW6;
				GENERATE_INFOPLIST_FILE = YES;
				MACOSX_DEPLOYMENT_TARGET = 12.0;
				MARKETING_VERSION = 1.0;
				PRODUCT_BUNDLE_IDENTIFIER = com.essential.amir.SecondtryEssentialTests;
				PRODUCT_NAME = "$(TARGET_NAME)";
				SWIFT_EMIT_LOC_STRINGS = NO;
				SWIFT_OPTIMIZATION_LEVEL = "-Onone";
				SWIFT_VERSION = 5.0;
			};
			name = Debug;
		};
		29CAE7042AF3A50C0015AA80 /* Release */ = {
			isa = XCBuildConfiguration;
			buildSettings = {
				CLANG_ENABLE_MODULES = YES;
				CODE_SIGN_STYLE = Automatic;
				CURRENT_PROJECT_VERSION = 1;
				DEVELOPMENT_TEAM = E78623RKW6;
				GENERATE_INFOPLIST_FILE = YES;
				MACOSX_DEPLOYMENT_TARGET = 12.0;
				MARKETING_VERSION = 1.0;
				PRODUCT_BUNDLE_IDENTIFIER = com.essential.amir.SecondtryEssentialTests;
				PRODUCT_NAME = "$(TARGET_NAME)";
				SWIFT_EMIT_LOC_STRINGS = NO;
				SWIFT_VERSION = 5.0;
			};
			name = Release;
		};
/* End XCBuildConfiguration section */

/* Begin XCConfigurationList section */
		293A61482B2773EC00EF0B5B /* Build configuration list for PBXNativeTarget "SecondtryEssentialEndToEndTests" */ = {
			isa = XCConfigurationList;
			buildConfigurations = (
				293A61492B2773EC00EF0B5B /* Debug */,
				293A614A2B2773EC00EF0B5B /* Release */,
			);
			defaultConfigurationIsVisible = 0;
			defaultConfigurationName = Release;
		};
		29C14E8C2AF3926A00470C52 /* Build configuration list for PBXProject "SecondtryEssential" */ = {
			isa = XCConfigurationList;
			buildConfigurations = (
				29C14EA22AF3926A00470C52 /* Debug */,
				29C14EA32AF3926A00470C52 /* Release */,
			);
			defaultConfigurationIsVisible = 0;
			defaultConfigurationName = Release;
		};
		29C14EA42AF3926A00470C52 /* Build configuration list for PBXNativeTarget "SecondtryEssential" */ = {
			isa = XCConfigurationList;
			buildConfigurations = (
				29C14EA52AF3926A00470C52 /* Debug */,
				29C14EA62AF3926A00470C52 /* Release */,
			);
			defaultConfigurationIsVisible = 0;
			defaultConfigurationName = Release;
		};
		29CAE7022AF3A50C0015AA80 /* Build configuration list for PBXNativeTarget "SecondtryEssentialTests" */ = {
			isa = XCConfigurationList;
			buildConfigurations = (
				29CAE7032AF3A50C0015AA80 /* Debug */,
				29CAE7042AF3A50C0015AA80 /* Release */,
			);
			defaultConfigurationIsVisible = 0;
			defaultConfigurationName = Release;
		};
/* End XCConfigurationList section */
	};
	rootObject = 29C14E892AF3926A00470C52 /* Project object */;
}
